// !$*UTF8*$!
{
	archiveVersion = 1;
	classes = {
	};
	objectVersion = 56;
	objects = {

/* Begin PBXBuildFile section */
		B1D6994E297B375700B82032 /* AppDelegate.swift in Sources */ = {isa = PBXBuildFile; fileRef = B1D6994D297B375700B82032 /* AppDelegate.swift */; };
		B1D69950297B375700B82032 /* SceneDelegate.swift in Sources */ = {isa = PBXBuildFile; fileRef = B1D6994F297B375700B82032 /* SceneDelegate.swift */; };
		B1D69952297B375700B82032 /* ViewController.swift in Sources */ = {isa = PBXBuildFile; fileRef = B1D69951297B375700B82032 /* ViewController.swift */; };
		B1D69957297B375900B82032 /* Assets.xcassets in Resources */ = {isa = PBXBuildFile; fileRef = B1D69956297B375900B82032 /* Assets.xcassets */; };
		B1D6995A297B375900B82032 /* LaunchScreen.storyboard in Resources */ = {isa = PBXBuildFile; fileRef = B1D69958297B375900B82032 /* LaunchScreen.storyboard */; };
		B1D6997F297B3A0600B82032 /* Writter.swift in Sources */ = {isa = PBXBuildFile; fileRef = B1D6997E297B3A0600B82032 /* Writter.swift */; };
		B1D69981297B3A0B00B82032 /* Reader.swift in Sources */ = {isa = PBXBuildFile; fileRef = B1D69980297B3A0B00B82032 /* Reader.swift */; };
		B1D69985297B3A5C00B82032 /* KeychainAdapter.swift in Sources */ = {isa = PBXBuildFile; fileRef = B1D69984297B3A5C00B82032 /* KeychainAdapter.swift */; };
		B1D69987297B7C7E00B82032 /* View.swift in Sources */ = {isa = PBXBuildFile; fileRef = B1D69986297B7C7E00B82032 /* View.swift */; };
		B1D69989297B7E6100B82032 /* Deleter.swift in Sources */ = {isa = PBXBuildFile; fileRef = B1D69988297B7E6100B82032 /* Deleter.swift */; };
		B1D6998B297B7EBD00B82032 /* Updater.swift in Sources */ = {isa = PBXBuildFile; fileRef = B1D6998A297B7EBD00B82032 /* Updater.swift */; };
		B1D6998D297B83BC00B82032 /* KeychainError.swift in Sources */ = {isa = PBXBuildFile; fileRef = B1D6998C297B83BC00B82032 /* KeychainError.swift */; };
		B1D6998F297B83CD00B82032 /* KeychainWritterAdapter.swift in Sources */ = {isa = PBXBuildFile; fileRef = B1D6998E297B83CD00B82032 /* KeychainWritterAdapter.swift */; };
		B1D69991297B83E200B82032 /* KeychainReaderAdapter.swift in Sources */ = {isa = PBXBuildFile; fileRef = B1D69990297B83E200B82032 /* KeychainReaderAdapter.swift */; };
		B1D69993297B83F300B82032 /* KeychainDeleterAdapter.swift in Sources */ = {isa = PBXBuildFile; fileRef = B1D69992297B83F300B82032 /* KeychainDeleterAdapter.swift */; };
		B1D69995297B840600B82032 /* KeychainUpdaterAdapter.swift in Sources */ = {isa = PBXBuildFile; fileRef = B1D69994297B840600B82032 /* KeychainUpdaterAdapter.swift */; };
		B1D69998297B842400B82032 /* String+Extensions.swift in Sources */ = {isa = PBXBuildFile; fileRef = B1D69997297B842400B82032 /* String+Extensions.swift */; };
		B1D6999A297B843500B82032 /* Data+Extensinos.swift in Sources */ = {isa = PBXBuildFile; fileRef = B1D69999297B843500B82032 /* Data+Extensinos.swift */; };
		B1D6999C297B844500B82032 /* CFString+Extensions.swift in Sources */ = {isa = PBXBuildFile; fileRef = B1D6999B297B844500B82032 /* CFString+Extensions.swift */; };
		B1D6999E297BE78000B82032 /* KeychainListerAdapter.swift in Sources */ = {isa = PBXBuildFile; fileRef = B1D6999D297BE78000B82032 /* KeychainListerAdapter.swift */; };
		B1D699A0297BE7A600B82032 /* Lister.swift in Sources */ = {isa = PBXBuildFile; fileRef = B1D6999F297BE7A600B82032 /* Lister.swift */; };
		B1D699A2297C083800B82032 /* KeychainWritterAdapterTests.swift in Sources */ = {isa = PBXBuildFile; fileRef = B1D699A1297C083800B82032 /* KeychainWritterAdapterTests.swift */; };
/* End PBXBuildFile section */

/* Begin PBXContainerItemProxy section */
		B1D69961297B375900B82032 /* PBXContainerItemProxy */ = {
			isa = PBXContainerItemProxy;
			containerPortal = B1D69942297B375700B82032 /* Project object */;
			proxyType = 1;
			remoteGlobalIDString = B1D69949297B375700B82032;
			remoteInfo = "swift-keychain-adavanced-demo";
		};
/* End PBXContainerItemProxy section */

/* Begin PBXFileReference section */
		B1D6994A297B375700B82032 /* swift-keychain-adavanced-demo.app */ = {isa = PBXFileReference; explicitFileType = wrapper.application; includeInIndex = 0; path = "swift-keychain-adavanced-demo.app"; sourceTree = BUILT_PRODUCTS_DIR; };
		B1D6994D297B375700B82032 /* AppDelegate.swift */ = {isa = PBXFileReference; lastKnownFileType = sourcecode.swift; path = AppDelegate.swift; sourceTree = "<group>"; };
		B1D6994F297B375700B82032 /* SceneDelegate.swift */ = {isa = PBXFileReference; lastKnownFileType = sourcecode.swift; path = SceneDelegate.swift; sourceTree = "<group>"; };
		B1D69951297B375700B82032 /* ViewController.swift */ = {isa = PBXFileReference; lastKnownFileType = sourcecode.swift; path = ViewController.swift; sourceTree = "<group>"; };
		B1D69956297B375900B82032 /* Assets.xcassets */ = {isa = PBXFileReference; lastKnownFileType = folder.assetcatalog; path = Assets.xcassets; sourceTree = "<group>"; };
		B1D69959297B375900B82032 /* Base */ = {isa = PBXFileReference; lastKnownFileType = file.storyboard; name = Base; path = Base.lproj/LaunchScreen.storyboard; sourceTree = "<group>"; };
		B1D6995B297B375900B82032 /* Info.plist */ = {isa = PBXFileReference; lastKnownFileType = text.plist.xml; path = Info.plist; sourceTree = "<group>"; };
		B1D69960297B375900B82032 /* swift-keychain-adavanced-demoTests.xctest */ = {isa = PBXFileReference; explicitFileType = wrapper.cfbundle; includeInIndex = 0; path = "swift-keychain-adavanced-demoTests.xctest"; sourceTree = BUILT_PRODUCTS_DIR; };
		B1D6997E297B3A0600B82032 /* Writter.swift */ = {isa = PBXFileReference; lastKnownFileType = sourcecode.swift; path = Writter.swift; sourceTree = "<group>"; };
		B1D69980297B3A0B00B82032 /* Reader.swift */ = {isa = PBXFileReference; lastKnownFileType = sourcecode.swift; path = Reader.swift; sourceTree = "<group>"; };
		B1D69984297B3A5C00B82032 /* KeychainAdapter.swift */ = {isa = PBXFileReference; lastKnownFileType = sourcecode.swift; path = KeychainAdapter.swift; sourceTree = "<group>"; };
		B1D69986297B7C7E00B82032 /* View.swift */ = {isa = PBXFileReference; lastKnownFileType = sourcecode.swift; path = View.swift; sourceTree = "<group>"; };
		B1D69988297B7E6100B82032 /* Deleter.swift */ = {isa = PBXFileReference; lastKnownFileType = sourcecode.swift; path = Deleter.swift; sourceTree = "<group>"; };
		B1D6998A297B7EBD00B82032 /* Updater.swift */ = {isa = PBXFileReference; fileEncoding = 4; lastKnownFileType = sourcecode.swift; path = Updater.swift; sourceTree = "<group>"; };
		B1D6998C297B83BC00B82032 /* KeychainError.swift */ = {isa = PBXFileReference; lastKnownFileType = sourcecode.swift; path = KeychainError.swift; sourceTree = "<group>"; };
		B1D6998E297B83CD00B82032 /* KeychainWritterAdapter.swift */ = {isa = PBXFileReference; lastKnownFileType = sourcecode.swift; path = KeychainWritterAdapter.swift; sourceTree = "<group>"; };
		B1D69990297B83E200B82032 /* KeychainReaderAdapter.swift */ = {isa = PBXFileReference; lastKnownFileType = sourcecode.swift; path = KeychainReaderAdapter.swift; sourceTree = "<group>"; };
		B1D69992297B83F300B82032 /* KeychainDeleterAdapter.swift */ = {isa = PBXFileReference; lastKnownFileType = sourcecode.swift; path = KeychainDeleterAdapter.swift; sourceTree = "<group>"; };
		B1D69994297B840600B82032 /* KeychainUpdaterAdapter.swift */ = {isa = PBXFileReference; lastKnownFileType = sourcecode.swift; path = KeychainUpdaterAdapter.swift; sourceTree = "<group>"; };
		B1D69997297B842400B82032 /* String+Extensions.swift */ = {isa = PBXFileReference; lastKnownFileType = sourcecode.swift; path = "String+Extensions.swift"; sourceTree = "<group>"; };
		B1D69999297B843500B82032 /* Data+Extensinos.swift */ = {isa = PBXFileReference; lastKnownFileType = sourcecode.swift; path = "Data+Extensinos.swift"; sourceTree = "<group>"; };
		B1D6999B297B844500B82032 /* CFString+Extensions.swift */ = {isa = PBXFileReference; lastKnownFileType = sourcecode.swift; path = "CFString+Extensions.swift"; sourceTree = "<group>"; };
		B1D6999D297BE78000B82032 /* KeychainListerAdapter.swift */ = {isa = PBXFileReference; fileEncoding = 4; lastKnownFileType = sourcecode.swift; path = KeychainListerAdapter.swift; sourceTree = "<group>"; };
		B1D6999F297BE7A600B82032 /* Lister.swift */ = {isa = PBXFileReference; fileEncoding = 4; lastKnownFileType = sourcecode.swift; path = Lister.swift; sourceTree = "<group>"; };
		B1D699A1297C083800B82032 /* KeychainWritterAdapterTests.swift */ = {isa = PBXFileReference; lastKnownFileType = sourcecode.swift; path = KeychainWritterAdapterTests.swift; sourceTree = "<group>"; };
/* End PBXFileReference section */

/* Begin PBXFrameworksBuildPhase section */
		B1D69947297B375700B82032 /* Frameworks */ = {
			isa = PBXFrameworksBuildPhase;
			buildActionMask = 2147483647;
			files = (
			);
			runOnlyForDeploymentPostprocessing = 0;
		};
		B1D6995D297B375900B82032 /* Frameworks */ = {
			isa = PBXFrameworksBuildPhase;
			buildActionMask = 2147483647;
			files = (
			);
			runOnlyForDeploymentPostprocessing = 0;
		};
/* End PBXFrameworksBuildPhase section */

/* Begin PBXGroup section */
		B1D69941297B375700B82032 = {
			isa = PBXGroup;
			children = (
				B1D6994C297B375700B82032 /* swift-keychain-adavanced-demo */,
				B1D69963297B375900B82032 /* swift-keychain-adavanced-demoTests */,
				B1D6994B297B375700B82032 /* Products */,
			);
			sourceTree = "<group>";
		};
		B1D6994B297B375700B82032 /* Products */ = {
			isa = PBXGroup;
			children = (
				B1D6994A297B375700B82032 /* swift-keychain-adavanced-demo.app */,
				B1D69960297B375900B82032 /* swift-keychain-adavanced-demoTests.xctest */,
			);
			name = Products;
			sourceTree = "<group>";
		};
		B1D6994C297B375700B82032 /* swift-keychain-adavanced-demo */ = {
			isa = PBXGroup;
			children = (
				B1D6997D297B39CC00B82032 /* feature */,
				B1D6994D297B375700B82032 /* AppDelegate.swift */,
				B1D6994F297B375700B82032 /* SceneDelegate.swift */,
				B1D69951297B375700B82032 /* ViewController.swift */,
				B1D69986297B7C7E00B82032 /* View.swift */,
				B1D69956297B375900B82032 /* Assets.xcassets */,
				B1D69958297B375900B82032 /* LaunchScreen.storyboard */,
				B1D6995B297B375900B82032 /* Info.plist */,
			);
			path = "swift-keychain-adavanced-demo";
			sourceTree = "<group>";
		};
		B1D69963297B375900B82032 /* swift-keychain-adavanced-demoTests */ = {
			isa = PBXGroup;
			children = (
				B1D699A1297C083800B82032 /* KeychainWritterAdapterTests.swift */,
			);
			path = "swift-keychain-adavanced-demoTests";
			sourceTree = "<group>";
		};
		B1D6997D297B39CC00B82032 /* feature */ = {
			isa = PBXGroup;
			children = (
				B1D69996297B841800B82032 /* Helpers */,
				B1D69983297B3A5000B82032 /* implementation */,
				B1D69982297B3A4A00B82032 /* domain */,
			);
			path = feature;
			sourceTree = "<group>";
		};
		B1D69982297B3A4A00B82032 /* domain */ = {
			isa = PBXGroup;
			children = (
				B1D6997E297B3A0600B82032 /* Writter.swift */,
				B1D6999F297BE7A600B82032 /* Lister.swift */,
				B1D69980297B3A0B00B82032 /* Reader.swift */,
				B1D69988297B7E6100B82032 /* Deleter.swift */,
				B1D6998A297B7EBD00B82032 /* Updater.swift */,
			);
			path = domain;
			sourceTree = "<group>";
		};
		B1D69983297B3A5000B82032 /* implementation */ = {
			isa = PBXGroup;
			children = (
				B1D69984297B3A5C00B82032 /* KeychainAdapter.swift */,
				B1D6998C297B83BC00B82032 /* KeychainError.swift */,
				B1D6998E297B83CD00B82032 /* KeychainWritterAdapter.swift */,
				B1D6999D297BE78000B82032 /* KeychainListerAdapter.swift */,
				B1D69990297B83E200B82032 /* KeychainReaderAdapter.swift */,
				B1D69992297B83F300B82032 /* KeychainDeleterAdapter.swift */,
				B1D69994297B840600B82032 /* KeychainUpdaterAdapter.swift */,
			);
			path = implementation;
			sourceTree = "<group>";
		};
		B1D69996297B841800B82032 /* Helpers */ = {
			isa = PBXGroup;
			children = (
				B1D69997297B842400B82032 /* String+Extensions.swift */,
				B1D69999297B843500B82032 /* Data+Extensinos.swift */,
				B1D6999B297B844500B82032 /* CFString+Extensions.swift */,
			);
			path = Helpers;
			sourceTree = "<group>";
		};
/* End PBXGroup section */

/* Begin PBXNativeTarget section */
		B1D69949297B375700B82032 /* swift-keychain-adavanced-demo */ = {
			isa = PBXNativeTarget;
			buildConfigurationList = B1D69974297B375A00B82032 /* Build configuration list for PBXNativeTarget "swift-keychain-adavanced-demo" */;
			buildPhases = (
				B1D69946297B375700B82032 /* Sources */,
				B1D69947297B375700B82032 /* Frameworks */,
				B1D69948297B375700B82032 /* Resources */,
			);
			buildRules = (
			);
			dependencies = (
			);
			name = "swift-keychain-adavanced-demo";
			productName = "swift-keychain-adavanced-demo";
			productReference = B1D6994A297B375700B82032 /* swift-keychain-adavanced-demo.app */;
			productType = "com.apple.product-type.application";
		};
		B1D6995F297B375900B82032 /* swift-keychain-adavanced-demoTests */ = {
			isa = PBXNativeTarget;
			buildConfigurationList = B1D69977297B375A00B82032 /* Build configuration list for PBXNativeTarget "swift-keychain-adavanced-demoTests" */;
			buildPhases = (
				B1D6995C297B375900B82032 /* Sources */,
				B1D6995D297B375900B82032 /* Frameworks */,
				B1D6995E297B375900B82032 /* Resources */,
			);
			buildRules = (
			);
			dependencies = (
				B1D69962297B375900B82032 /* PBXTargetDependency */,
			);
			name = "swift-keychain-adavanced-demoTests";
			productName = "swift-keychain-adavanced-demoTests";
			productReference = B1D69960297B375900B82032 /* swift-keychain-adavanced-demoTests.xctest */;
			productType = "com.apple.product-type.bundle.unit-test";
		};
/* End PBXNativeTarget section */

/* Begin PBXProject section */
		B1D69942297B375700B82032 /* Project object */ = {
			isa = PBXProject;
			attributes = {
				BuildIndependentTargetsInParallel = 1;
				LastSwiftUpdateCheck = 1400;
				LastUpgradeCheck = 1400;
				TargetAttributes = {
					B1D69949297B375700B82032 = {
						CreatedOnToolsVersion = 14.0.1;
					};
					B1D6995F297B375900B82032 = {
						CreatedOnToolsVersion = 14.0.1;
						TestTargetID = B1D69949297B375700B82032;
					};
				};
			};
			buildConfigurationList = B1D69945297B375700B82032 /* Build configuration list for PBXProject "swift-keychain-adavanced-demo" */;
			compatibilityVersion = "Xcode 14.0";
			developmentRegion = en;
			hasScannedForEncodings = 0;
			knownRegions = (
				en,
				Base,
			);
			mainGroup = B1D69941297B375700B82032;
			productRefGroup = B1D6994B297B375700B82032 /* Products */;
			projectDirPath = "";
			projectRoot = "";
			targets = (
				B1D69949297B375700B82032 /* swift-keychain-adavanced-demo */,
				B1D6995F297B375900B82032 /* swift-keychain-adavanced-demoTests */,
			);
		};
/* End PBXProject section */

/* Begin PBXResourcesBuildPhase section */
		B1D69948297B375700B82032 /* Resources */ = {
			isa = PBXResourcesBuildPhase;
			buildActionMask = 2147483647;
			files = (
				B1D6995A297B375900B82032 /* LaunchScreen.storyboard in Resources */,
				B1D69957297B375900B82032 /* Assets.xcassets in Resources */,
			);
			runOnlyForDeploymentPostprocessing = 0;
		};
		B1D6995E297B375900B82032 /* Resources */ = {
			isa = PBXResourcesBuildPhase;
			buildActionMask = 2147483647;
			files = (
			);
			runOnlyForDeploymentPostprocessing = 0;
		};
/* End PBXResourcesBuildPhase section */

/* Begin PBXSourcesBuildPhase section */
		B1D69946297B375700B82032 /* Sources */ = {
			isa = PBXSourcesBuildPhase;
			buildActionMask = 2147483647;
			files = (
				B1D69981297B3A0B00B82032 /* Reader.swift in Sources */,
				B1D69985297B3A5C00B82032 /* KeychainAdapter.swift in Sources */,
				B1D6998B297B7EBD00B82032 /* Updater.swift in Sources */,
				B1D69952297B375700B82032 /* ViewController.swift in Sources */,
				B1D6994E297B375700B82032 /* AppDelegate.swift in Sources */,
				B1D6999A297B843500B82032 /* Data+Extensinos.swift in Sources */,
				B1D69989297B7E6100B82032 /* Deleter.swift in Sources */,
				B1D6998D297B83BC00B82032 /* KeychainError.swift in Sources */,
				B1D6998F297B83CD00B82032 /* KeychainWritterAdapter.swift in Sources */,
				B1D69950297B375700B82032 /* SceneDelegate.swift in Sources */,
				B1D69987297B7C7E00B82032 /* View.swift in Sources */,
				B1D69998297B842400B82032 /* String+Extensions.swift in Sources */,
				B1D6999E297BE78000B82032 /* KeychainListerAdapter.swift in Sources */,
				B1D6999C297B844500B82032 /* CFString+Extensions.swift in Sources */,
				B1D69993297B83F300B82032 /* KeychainDeleterAdapter.swift in Sources */,
				B1D69991297B83E200B82032 /* KeychainReaderAdapter.swift in Sources */,
				B1D699A0297BE7A600B82032 /* Lister.swift in Sources */,
				B1D6997F297B3A0600B82032 /* Writter.swift in Sources */,
				B1D69995297B840600B82032 /* KeychainUpdaterAdapter.swift in Sources */,
			);
			runOnlyForDeploymentPostprocessing = 0;
		};
		B1D6995C297B375900B82032 /* Sources */ = {
			isa = PBXSourcesBuildPhase;
			buildActionMask = 2147483647;
			files = (
				B1D699A2297C083800B82032 /* KeychainWritterAdapterTests.swift in Sources */,
			);
			runOnlyForDeploymentPostprocessing = 0;
		};
/* End PBXSourcesBuildPhase section */

/* Begin PBXTargetDependency section */
		B1D69962297B375900B82032 /* PBXTargetDependency */ = {
			isa = PBXTargetDependency;
			target = B1D69949297B375700B82032 /* swift-keychain-adavanced-demo */;
			targetProxy = B1D69961297B375900B82032 /* PBXContainerItemProxy */;
		};
/* End PBXTargetDependency section */

/* Begin PBXVariantGroup section */
		B1D69958297B375900B82032 /* LaunchScreen.storyboard */ = {
			isa = PBXVariantGroup;
			children = (
				B1D69959297B375900B82032 /* Base */,
			);
			name = LaunchScreen.storyboard;
			sourceTree = "<group>";
		};
/* End PBXVariantGroup section */

/* Begin XCBuildConfiguration section */
		B1D69972297B375A00B82032 /* Debug */ = {
			isa = XCBuildConfiguration;
			buildSettings = {
				ALWAYS_SEARCH_USER_PATHS = NO;
				CLANG_ANALYZER_NONNULL = YES;
				CLANG_ANALYZER_NUMBER_OBJECT_CONVERSION = YES_AGGRESSIVE;
				CLANG_CXX_LANGUAGE_STANDARD = "gnu++20";
				CLANG_ENABLE_MODULES = YES;
				CLANG_ENABLE_OBJC_ARC = YES;
				CLANG_ENABLE_OBJC_WEAK = YES;
				CLANG_WARN_BLOCK_CAPTURE_AUTORELEASING = YES;
				CLANG_WARN_BOOL_CONVERSION = YES;
				CLANG_WARN_COMMA = YES;
				CLANG_WARN_CONSTANT_CONVERSION = YES;
				CLANG_WARN_DEPRECATED_OBJC_IMPLEMENTATIONS = YES;
				CLANG_WARN_DIRECT_OBJC_ISA_USAGE = YES_ERROR;
				CLANG_WARN_DOCUMENTATION_COMMENTS = YES;
				CLANG_WARN_EMPTY_BODY = YES;
				CLANG_WARN_ENUM_CONVERSION = YES;
				CLANG_WARN_INFINITE_RECURSION = YES;
				CLANG_WARN_INT_CONVERSION = YES;
				CLANG_WARN_NON_LITERAL_NULL_CONVERSION = YES;
				CLANG_WARN_OBJC_IMPLICIT_RETAIN_SELF = YES;
				CLANG_WARN_OBJC_LITERAL_CONVERSION = YES;
				CLANG_WARN_OBJC_ROOT_CLASS = YES_ERROR;
				CLANG_WARN_QUOTED_INCLUDE_IN_FRAMEWORK_HEADER = YES;
				CLANG_WARN_RANGE_LOOP_ANALYSIS = YES;
				CLANG_WARN_STRICT_PROTOTYPES = YES;
				CLANG_WARN_SUSPICIOUS_MOVE = YES;
				CLANG_WARN_UNGUARDED_AVAILABILITY = YES_AGGRESSIVE;
				CLANG_WARN_UNREACHABLE_CODE = YES;
				CLANG_WARN__DUPLICATE_METHOD_MATCH = YES;
				COPY_PHASE_STRIP = NO;
				DEBUG_INFORMATION_FORMAT = dwarf;
				ENABLE_STRICT_OBJC_MSGSEND = YES;
				ENABLE_TESTABILITY = YES;
				GCC_C_LANGUAGE_STANDARD = gnu11;
				GCC_DYNAMIC_NO_PIC = NO;
				GCC_NO_COMMON_BLOCKS = YES;
				GCC_OPTIMIZATION_LEVEL = 0;
				GCC_PREPROCESSOR_DEFINITIONS = (
					"DEBUG=1",
					"$(inherited)",
				);
				GCC_WARN_64_TO_32_BIT_CONVERSION = YES;
				GCC_WARN_ABOUT_RETURN_TYPE = YES_ERROR;
				GCC_WARN_UNDECLARED_SELECTOR = YES;
				GCC_WARN_UNINITIALIZED_AUTOS = YES_AGGRESSIVE;
				GCC_WARN_UNUSED_FUNCTION = YES;
				GCC_WARN_UNUSED_VARIABLE = YES;
				IPHONEOS_DEPLOYMENT_TARGET = 16.0;
				MTL_ENABLE_DEBUG_INFO = INCLUDE_SOURCE;
				MTL_FAST_MATH = YES;
				ONLY_ACTIVE_ARCH = YES;
				SDKROOT = iphoneos;
				SWIFT_ACTIVE_COMPILATION_CONDITIONS = DEBUG;
				SWIFT_OPTIMIZATION_LEVEL = "-Onone";
			};
			name = Debug;
		};
		B1D69973297B375A00B82032 /* Release */ = {
			isa = XCBuildConfiguration;
			buildSettings = {
				ALWAYS_SEARCH_USER_PATHS = NO;
				CLANG_ANALYZER_NONNULL = YES;
				CLANG_ANALYZER_NUMBER_OBJECT_CONVERSION = YES_AGGRESSIVE;
				CLANG_CXX_LANGUAGE_STANDARD = "gnu++20";
				CLANG_ENABLE_MODULES = YES;
				CLANG_ENABLE_OBJC_ARC = YES;
				CLANG_ENABLE_OBJC_WEAK = YES;
				CLANG_WARN_BLOCK_CAPTURE_AUTORELEASING = YES;
				CLANG_WARN_BOOL_CONVERSION = YES;
				CLANG_WARN_COMMA = YES;
				CLANG_WARN_CONSTANT_CONVERSION = YES;
				CLANG_WARN_DEPRECATED_OBJC_IMPLEMENTATIONS = YES;
				CLANG_WARN_DIRECT_OBJC_ISA_USAGE = YES_ERROR;
				CLANG_WARN_DOCUMENTATION_COMMENTS = YES;
				CLANG_WARN_EMPTY_BODY = YES;
				CLANG_WARN_ENUM_CONVERSION = YES;
				CLANG_WARN_INFINITE_RECURSION = YES;
				CLANG_WARN_INT_CONVERSION = YES;
				CLANG_WARN_NON_LITERAL_NULL_CONVERSION = YES;
				CLANG_WARN_OBJC_IMPLICIT_RETAIN_SELF = YES;
				CLANG_WARN_OBJC_LITERAL_CONVERSION = YES;
				CLANG_WARN_OBJC_ROOT_CLASS = YES_ERROR;
				CLANG_WARN_QUOTED_INCLUDE_IN_FRAMEWORK_HEADER = YES;
				CLANG_WARN_RANGE_LOOP_ANALYSIS = YES;
				CLANG_WARN_STRICT_PROTOTYPES = YES;
				CLANG_WARN_SUSPICIOUS_MOVE = YES;
				CLANG_WARN_UNGUARDED_AVAILABILITY = YES_AGGRESSIVE;
				CLANG_WARN_UNREACHABLE_CODE = YES;
				CLANG_WARN__DUPLICATE_METHOD_MATCH = YES;
				COPY_PHASE_STRIP = NO;
				DEBUG_INFORMATION_FORMAT = "dwarf-with-dsym";
				ENABLE_NS_ASSERTIONS = NO;
				ENABLE_STRICT_OBJC_MSGSEND = YES;
				GCC_C_LANGUAGE_STANDARD = gnu11;
				GCC_NO_COMMON_BLOCKS = YES;
				GCC_WARN_64_TO_32_BIT_CONVERSION = YES;
				GCC_WARN_ABOUT_RETURN_TYPE = YES_ERROR;
				GCC_WARN_UNDECLARED_SELECTOR = YES;
				GCC_WARN_UNINITIALIZED_AUTOS = YES_AGGRESSIVE;
				GCC_WARN_UNUSED_FUNCTION = YES;
				GCC_WARN_UNUSED_VARIABLE = YES;
				IPHONEOS_DEPLOYMENT_TARGET = 16.0;
				MTL_ENABLE_DEBUG_INFO = NO;
				MTL_FAST_MATH = YES;
				SDKROOT = iphoneos;
				SWIFT_COMPILATION_MODE = wholemodule;
				SWIFT_OPTIMIZATION_LEVEL = "-O";
				VALIDATE_PRODUCT = YES;
			};
			name = Release;
		};
		B1D69975297B375A00B82032 /* Debug */ = {
			isa = XCBuildConfiguration;
			buildSettings = {
				ASSETCATALOG_COMPILER_APPICON_NAME = AppIcon;
				ASSETCATALOG_COMPILER_GLOBAL_ACCENT_COLOR_NAME = AccentColor;
				CODE_SIGN_STYLE = Automatic;
				CURRENT_PROJECT_VERSION = 1;
				DEVELOPMENT_TEAM = Y487CY958A;
				GENERATE_INFOPLIST_FILE = YES;
				INFOPLIST_FILE = "swift-keychain-adavanced-demo/Info.plist";
				INFOPLIST_KEY_UIApplicationSupportsIndirectInputEvents = YES;
				INFOPLIST_KEY_UILaunchStoryboardName = LaunchScreen.storyboard;
				INFOPLIST_KEY_UISupportedInterfaceOrientations_iPad = "UIInterfaceOrientationPortrait UIInterfaceOrientationPortraitUpsideDown UIInterfaceOrientationLandscapeLeft UIInterfaceOrientationLandscapeRight";
				INFOPLIST_KEY_UISupportedInterfaceOrientations_iPhone = "UIInterfaceOrientationPortrait UIInterfaceOrientationLandscapeLeft UIInterfaceOrientationLandscapeRight";
				LD_RUNPATH_SEARCH_PATHS = (
					"$(inherited)",
					"@executable_path/Frameworks",
				);
				MARKETING_VERSION = 1.0;
				PRODUCT_BUNDLE_IDENTIFIER = "paolo.prodossimo.lopes.swift-keychain-adavanced-demo";
				PRODUCT_NAME = "$(TARGET_NAME)";
				SWIFT_EMIT_LOC_STRINGS = YES;
				SWIFT_VERSION = 5.0;
				TARGETED_DEVICE_FAMILY = "1,2";
			};
			name = Debug;
		};
		B1D69976297B375A00B82032 /* Release */ = {
			isa = XCBuildConfiguration;
			buildSettings = {
				ASSETCATALOG_COMPILER_APPICON_NAME = AppIcon;
				ASSETCATALOG_COMPILER_GLOBAL_ACCENT_COLOR_NAME = AccentColor;
				CODE_SIGN_STYLE = Automatic;
				CURRENT_PROJECT_VERSION = 1;
				DEVELOPMENT_TEAM = Y487CY958A;
				GENERATE_INFOPLIST_FILE = YES;
				INFOPLIST_FILE = "swift-keychain-adavanced-demo/Info.plist";
				INFOPLIST_KEY_UIApplicationSupportsIndirectInputEvents = YES;
				INFOPLIST_KEY_UILaunchStoryboardName = LaunchScreen.storyboard;
				INFOPLIST_KEY_UISupportedInterfaceOrientations_iPad = "UIInterfaceOrientationPortrait UIInterfaceOrientationPortraitUpsideDown UIInterfaceOrientationLandscapeLeft UIInterfaceOrientationLandscapeRight";
				INFOPLIST_KEY_UISupportedInterfaceOrientations_iPhone = "UIInterfaceOrientationPortrait UIInterfaceOrientationLandscapeLeft UIInterfaceOrientationLandscapeRight";
				LD_RUNPATH_SEARCH_PATHS = (
					"$(inherited)",
					"@executable_path/Frameworks",
				);
				MARKETING_VERSION = 1.0;
				PRODUCT_BUNDLE_IDENTIFIER = "paolo.prodossimo.lopes.swift-keychain-adavanced-demo";
				PRODUCT_NAME = "$(TARGET_NAME)";
				SWIFT_EMIT_LOC_STRINGS = YES;
				SWIFT_VERSION = 5.0;
				TARGETED_DEVICE_FAMILY = "1,2";
			};
			name = Release;
		};
		B1D69978297B375A00B82032 /* Debug */ = {
			isa = XCBuildConfiguration;
			buildSettings = {
				ALWAYS_EMBED_SWIFT_STANDARD_LIBRARIES = YES;
				BUNDLE_LOADER = "$(TEST_HOST)";
				CODE_SIGN_STYLE = Automatic;
				CURRENT_PROJECT_VERSION = 1;
				DEVELOPMENT_TEAM = Y487CY958A;
				GENERATE_INFOPLIST_FILE = YES;
				IPHONEOS_DEPLOYMENT_TARGET = 16.0;
				MARKETING_VERSION = 1.0;
				PRODUCT_BUNDLE_IDENTIFIER = "paolo.prodossimo.lopes.swift-keychain-adavanced-demoTests";
				PRODUCT_NAME = "$(TARGET_NAME)";
				SWIFT_EMIT_LOC_STRINGS = NO;
				SWIFT_VERSION = 5.0;
				TARGETED_DEVICE_FAMILY = "1,2";
				TEST_HOST = "$(BUILT_PRODUCTS_DIR)/swift-keychain-adavanced-demo.app/$(BUNDLE_EXECUTABLE_FOLDER_PATH)/swift-keychain-adavanced-demo";
			};
			name = Debug;
		};
		B1D69979297B375A00B82032 /* Release */ = {
			isa = XCBuildConfiguration;
			buildSettings = {
				ALWAYS_EMBED_SWIFT_STANDARD_LIBRARIES = YES;
				BUNDLE_LOADER = "$(TEST_HOST)";
				CODE_SIGN_STYLE = Automatic;
				CURRENT_PROJECT_VERSION = 1;
				DEVELOPMENT_TEAM = Y487CY958A;
				GENERATE_INFOPLIST_FILE = YES;
				IPHONEOS_DEPLOYMENT_TARGET = 16.0;
				MARKETING_VERSION = 1.0;
				PRODUCT_BUNDLE_IDENTIFIER = "paolo.prodossimo.lopes.swift-keychain-adavanced-demoTests";
				PRODUCT_NAME = "$(TARGET_NAME)";
				SWIFT_EMIT_LOC_STRINGS = NO;
				SWIFT_VERSION = 5.0;
				TARGETED_DEVICE_FAMILY = "1,2";
				TEST_HOST = "$(BUILT_PRODUCTS_DIR)/swift-keychain-adavanced-demo.app/$(BUNDLE_EXECUTABLE_FOLDER_PATH)/swift-keychain-adavanced-demo";
			};
			name = Release;
		};
/* End XCBuildConfiguration section */

/* Begin XCConfigurationList section */
		B1D69945297B375700B82032 /* Build configuration list for PBXProject "swift-keychain-adavanced-demo" */ = {
			isa = XCConfigurationList;
			buildConfigurations = (
				B1D69972297B375A00B82032 /* Debug */,
				B1D69973297B375A00B82032 /* Release */,
			);
			defaultConfigurationIsVisible = 0;
			defaultConfigurationName = Release;
		};
		B1D69974297B375A00B82032 /* Build configuration list for PBXNativeTarget "swift-keychain-adavanced-demo" */ = {
			isa = XCConfigurationList;
			buildConfigurations = (
				B1D69975297B375A00B82032 /* Debug */,
				B1D69976297B375A00B82032 /* Release */,
			);
			defaultConfigurationIsVisible = 0;
			defaultConfigurationName = Release;
		};
		B1D69977297B375A00B82032 /* Build configuration list for PBXNativeTarget "swift-keychain-adavanced-demoTests" */ = {
			isa = XCConfigurationList;
			buildConfigurations = (
				B1D69978297B375A00B82032 /* Debug */,
				B1D69979297B375A00B82032 /* Release */,
			);
			defaultConfigurationIsVisible = 0;
			defaultConfigurationName = Release;
		};
/* End XCConfigurationList section */
	};
	rootObject = B1D69942297B375700B82032 /* Project object */;
}
